
Microsoft Visual Studio Solution File, Format Version 12.00
# Visual Studio Version 17
VisualStudioVersion = 17.1.32319.34
MinimumVisualStudioVersion = 10.0.40219.1
Project("{FAE04EC0-301F-11D3-BF4B-00C04F79EFBC}") = "C.A hometask 3", "C.A hometask 3\C.A hometask 3.csproj", "{EA6BCA0B-237A-4FBA-9829-F3FA4FE343FA}"
EndProject
Global
	GlobalSection(SolutionConfigurationPlatforms) = preSolution
		Debug|Any CPU = Debug|Any CPU
		Release|Any CPU = Release|Any CPU
	EndGlobalSection
	GlobalSection(ProjectConfigurationPlatforms) = postSolution
		{EA6BCA0B-237A-4FBA-9829-F3FA4FE343FA}.Debug|Any CPU.ActiveCfg = Debug|Any CPU
		{EA6BCA0B-237A-4FBA-9829-F3FA4FE343FA}.Debug|Any CPU.Build.0 = Debug|Any CPU
		{EA6BCA0B-237A-4FBA-9829-F3FA4FE343FA}.Release|Any CPU.ActiveCfg = Release|Any CPU
		{EA6BCA0B-237A-4FBA-9829-F3FA4FE343FA}.Release|Any CPU.Build.0 = Release|Any CPU
	EndGlobalSection
	GlobalSection(SolutionProperties) = preSolution
		HideSolutionNode = FALSE
	EndGlobalSection
	GlobalSection(ExtensibilityGlobals) = postSolution
		SolutionGuid = {93B077D4-D9BC-4F26-91FD-27A2FCE33D96}
	EndGlobalSection
EndGlobal
